Microsoft Visual Studio Solution File, Format Version 11.00
# Visual Studio 2008

Project("{D1287452-C29D-3687-27F2-3FD51C4C1264}") = "dankgame", "Assembly-CSharp-firstpass.csproj", "{428519ED-F0AF-8CAF-DECB-69DC0E71B142}"
EndProject
Project("{D1287452-C29D-3687-27F2-3FD51C4C1264}") = "dankgame", "Assembly-CSharp.csproj", "{FD91B505-7081-7FE1-DB20-8EB8E6CEDD53}"
EndProject
Project("{D1287452-C29D-3687-27F2-3FD51C4C1264}") = "dankgame", "Assembly-CSharp-Editor-firstpass.csproj", "{9B19A450-6D48-78E5-BB28-9128890A673A}"
EndProject
Global
	GlobalSection(SolutionConfigurationPlatforms) = preSolution
		Debug|Any CPU = Debug|Any CPU
		Release|Any CPU = Release|Any CPU
	EndGlobalSection
	GlobalSection(ProjectConfigurationPlatforms) = postSolution
		{428519ED-F0AF-8CAF-DECB-69DC0E71B142}.Debug|Any CPU.ActiveCfg = Debug|Any CPU
		{428519ED-F0AF-8CAF-DECB-69DC0E71B142}.Debug|Any CPU.Build.0 = Debug|Any CPU
		{428519ED-F0AF-8CAF-DECB-69DC0E71B142}.Release|Any CPU.ActiveCfg = Release|Any CPU
		{428519ED-F0AF-8CAF-DECB-69DC0E71B142}.Release|Any CPU.Build.0 = Release|Any CPU
		{FD91B505-7081-7FE1-DB20-8EB8E6CEDD53}.Debug|Any CPU.ActiveCfg = Debug|Any CPU
		{FD91B505-7081-7FE1-DB20-8EB8E6CEDD53}.Debug|Any CPU.Build.0 = Debug|Any CPU
		{FD91B505-7081-7FE1-DB20-8EB8E6CEDD53}.Release|Any CPU.ActiveCfg = Release|Any CPU
		{FD91B505-7081-7FE1-DB20-8EB8E6CEDD53}.Release|Any CPU.Build.0 = Release|Any CPU
		{9B19A450-6D48-78E5-BB28-9128890A673A}.Debug|Any CPU.ActiveCfg = Debug|Any CPU
		{9B19A450-6D48-78E5-BB28-9128890A673A}.Debug|Any CPU.Build.0 = Debug|Any CPU
		{9B19A450-6D48-78E5-BB28-9128890A673A}.Release|Any CPU.ActiveCfg = Release|Any CPU
		{9B19A450-6D48-78E5-BB28-9128890A673A}.Release|Any CPU.Build.0 = Release|Any CPU
	EndGlobalSection
	GlobalSection(SolutionProperties) = preSolution
		HideSolutionNode = FALSE
	EndGlobalSection
	GlobalSection(MonoDevelopProperties) = preSolution
		StartupItem = Assembly-CSharp.csproj
	EndGlobalSection
EndGlobal
